// !$*UTF8*$!
{
	archiveVersion = 1;
	classes = {
	};
	objectVersion = 51;
	objects = {

/* Begin PBXBuildFile section */
		410D92F3170812098D957F60 /* Pods_TimeTracker.framework in Frameworks */ = {isa = PBXBuildFile; fileRef = F09C173FF87944B7CB61813F /* Pods_TimeTracker.framework */; };
		7E14FA87EA1613E9DBF88725 /* Pods_TimeTracker_TimeTrackerUITests.framework in Frameworks */ = {isa = PBXBuildFile; fileRef = 037D03415D2A0B416B936F87 /* Pods_TimeTracker_TimeTrackerUITests.framework */; };
		B5007B0A23CDD3A900C42EEE /* ClassTableViewController.swift in Sources */ = {isa = PBXBuildFile; fileRef = B5007B0923CDD3A900C42EEE /* ClassTableViewController.swift */; };
		B5007B0C23CDD5A100C42EEE /* ClassTableViewCell.swift in Sources */ = {isa = PBXBuildFile; fileRef = B5007B0B23CDD5A100C42EEE /* ClassTableViewCell.swift */; };
		B5007B1023CDDD8F00C42EEE /* CustomClassTableViewController.swift in Sources */ = {isa = PBXBuildFile; fileRef = B5007B0F23CDDD8F00C42EEE /* CustomClassTableViewController.swift */; };
		B50F719F23C7352700FBB306 /* DateCell.swift in Sources */ = {isa = PBXBuildFile; fileRef = B50F719E23C7352700FBB306 /* DateCell.swift */; };
		B50F71A123C7412F00FBB306 /* DateHeader.swift in Sources */ = {isa = PBXBuildFile; fileRef = B50F71A023C7412F00FBB306 /* DateHeader.swift */; };
		B50F71A323C7679600FBB306 /* Event.swift in Sources */ = {isa = PBXBuildFile; fileRef = B50F71A223C7679600FBB306 /* Event.swift */; };
		B50F71A723C7786A00FBB306 /* EventTableViewCell.swift in Sources */ = {isa = PBXBuildFile; fileRef = B50F71A623C7786A00FBB306 /* EventTableViewCell.swift */; };
		B50F71AD23C80F4600FBB306 /* EventTableView.swift in Sources */ = {isa = PBXBuildFile; fileRef = B50F71AC23C80F4600FBB306 /* EventTableView.swift */; };
		B50F71AF23C844EA00FBB306 /* AddEventViewController.swift in Sources */ = {isa = PBXBuildFile; fileRef = B50F71AE23C844EA00FBB306 /* AddEventViewController.swift */; };
		B5D857C023CC4AA800C56C23 /* EventList.swift in Sources */ = {isa = PBXBuildFile; fileRef = B5D857BF23CC4AA800C56C23 /* EventList.swift */; };
		B5D857C223CC552600C56C23 /* EventModel.swift in Sources */ = {isa = PBXBuildFile; fileRef = B5D857C123CC552600C56C23 /* EventModel.swift */; };
		B5DC16D023C6E00900DDD38C /* AppDelegate.swift in Sources */ = {isa = PBXBuildFile; fileRef = B5DC16CF23C6E00900DDD38C /* AppDelegate.swift */; };
		B5DC16D223C6E00900DDD38C /* SceneDelegate.swift in Sources */ = {isa = PBXBuildFile; fileRef = B5DC16D123C6E00900DDD38C /* SceneDelegate.swift */; };
		B5DC16D423C6E00900DDD38C /* ViewController.swift in Sources */ = {isa = PBXBuildFile; fileRef = B5DC16D323C6E00900DDD38C /* ViewController.swift */; };
		B5DC16D723C6E00900DDD38C /* Main.storyboard in Resources */ = {isa = PBXBuildFile; fileRef = B5DC16D523C6E00900DDD38C /* Main.storyboard */; };
		B5DC16DA23C6E00900DDD38C /* TimeTracker.xcdatamodeld in Sources */ = {isa = PBXBuildFile; fileRef = B5DC16D823C6E00900DDD38C /* TimeTracker.xcdatamodeld */; };
		B5DC16DC23C6E00A00DDD38C /* Assets.xcassets in Resources */ = {isa = PBXBuildFile; fileRef = B5DC16DB23C6E00A00DDD38C /* Assets.xcassets */; };
		B5DC16DF23C6E00A00DDD38C /* LaunchScreen.storyboard in Resources */ = {isa = PBXBuildFile; fileRef = B5DC16DD23C6E00A00DDD38C /* LaunchScreen.storyboard */; };
		B5DC16EA23C6E00A00DDD38C /* TimeTrackerTests.swift in Sources */ = {isa = PBXBuildFile; fileRef = B5DC16E923C6E00A00DDD38C /* TimeTrackerTests.swift */; };
		B5DC16F523C6E00A00DDD38C /* TimeTrackerUITests.swift in Sources */ = {isa = PBXBuildFile; fileRef = B5DC16F423C6E00A00DDD38C /* TimeTrackerUITests.swift */; };
		FE7B865B2336A7A00DDA616F /* Pods_TimeTrackerTests.framework in Frameworks */ = {isa = PBXBuildFile; fileRef = 5DD8F753BE1B032A11699098 /* Pods_TimeTrackerTests.framework */; };
/* End PBXBuildFile section */

/* Begin PBXContainerItemProxy section */
		B5DC16E623C6E00A00DDD38C /* PBXContainerItemProxy */ = {
			isa = PBXContainerItemProxy;
			containerPortal = B5DC16C423C6E00900DDD38C /* Project object */;
			proxyType = 1;
			remoteGlobalIDString = B5DC16CB23C6E00900DDD38C;
			remoteInfo = TimeTracker;
		};
		B5DC16F123C6E00A00DDD38C /* PBXContainerItemProxy */ = {
			isa = PBXContainerItemProxy;
			containerPortal = B5DC16C423C6E00900DDD38C /* Project object */;
			proxyType = 1;
			remoteGlobalIDString = B5DC16CB23C6E00900DDD38C;
			remoteInfo = TimeTracker;
		};
/* End PBXContainerItemProxy section */

/* Begin PBXFileReference section */
		037D03415D2A0B416B936F87 /* Pods_TimeTracker_TimeTrackerUITests.framework */ = {isa = PBXFileReference; explicitFileType = wrapper.framework; includeInIndex = 0; path = Pods_TimeTracker_TimeTrackerUITests.framework; sourceTree = BUILT_PRODUCTS_DIR; };
		241B9759A19376BD9371F28E /* Pods-TimeTracker-TimeTrackerUITests.debug.xcconfig */ = {isa = PBXFileReference; includeInIndex = 1; lastKnownFileType = text.xcconfig; name = "Pods-TimeTracker-TimeTrackerUITests.debug.xcconfig"; path = "Target Support Files/Pods-TimeTracker-TimeTrackerUITests/Pods-TimeTracker-TimeTrackerUITests.debug.xcconfig"; sourceTree = "<group>"; };
		5DD8F753BE1B032A11699098 /* Pods_TimeTrackerTests.framework */ = {isa = PBXFileReference; explicitFileType = wrapper.framework; includeInIndex = 0; path = Pods_TimeTrackerTests.framework; sourceTree = BUILT_PRODUCTS_DIR; };
		627C28E383DA0A06F22F164F /* Pods-TimeTrackerTests.release.xcconfig */ = {isa = PBXFileReference; includeInIndex = 1; lastKnownFileType = text.xcconfig; name = "Pods-TimeTrackerTests.release.xcconfig"; path = "Target Support Files/Pods-TimeTrackerTests/Pods-TimeTrackerTests.release.xcconfig"; sourceTree = "<group>"; };
		6FCE0D5201C4D0B04384ED47 /* Pods-TimeTracker.release.xcconfig */ = {isa = PBXFileReference; includeInIndex = 1; lastKnownFileType = text.xcconfig; name = "Pods-TimeTracker.release.xcconfig"; path = "Target Support Files/Pods-TimeTracker/Pods-TimeTracker.release.xcconfig"; sourceTree = "<group>"; };
		8466A23212C847AC43B2E0D6 /* Pods-TimeTrackerTests.debug.xcconfig */ = {isa = PBXFileReference; includeInIndex = 1; lastKnownFileType = text.xcconfig; name = "Pods-TimeTrackerTests.debug.xcconfig"; path = "Target Support Files/Pods-TimeTrackerTests/Pods-TimeTrackerTests.debug.xcconfig"; sourceTree = "<group>"; };
		9539402A40408CBE86F71E27 /* Pods-TimeTracker.debug.xcconfig */ = {isa = PBXFileReference; includeInIndex = 1; lastKnownFileType = text.xcconfig; name = "Pods-TimeTracker.debug.xcconfig"; path = "Target Support Files/Pods-TimeTracker/Pods-TimeTracker.debug.xcconfig"; sourceTree = "<group>"; };
		B4DA0FA903C2E75F3086026D /* Pods-TimeTracker-TimeTrackerUITests.release.xcconfig */ = {isa = PBXFileReference; includeInIndex = 1; lastKnownFileType = text.xcconfig; name = "Pods-TimeTracker-TimeTrackerUITests.release.xcconfig"; path = "Target Support Files/Pods-TimeTracker-TimeTrackerUITests/Pods-TimeTracker-TimeTrackerUITests.release.xcconfig"; sourceTree = "<group>"; };
		B5007B0923CDD3A900C42EEE /* ClassTableViewController.swift */ = {isa = PBXFileReference; lastKnownFileType = sourcecode.swift; path = ClassTableViewController.swift; sourceTree = "<group>"; };
		B5007B0B23CDD5A100C42EEE /* ClassTableViewCell.swift */ = {isa = PBXFileReference; lastKnownFileType = sourcecode.swift; path = ClassTableViewCell.swift; sourceTree = "<group>"; };
		B5007B0F23CDDD8F00C42EEE /* CustomClassTableViewController.swift */ = {isa = PBXFileReference; lastKnownFileType = sourcecode.swift; path = CustomClassTableViewController.swift; sourceTree = "<group>"; };
		B50F719E23C7352700FBB306 /* DateCell.swift */ = {isa = PBXFileReference; lastKnownFileType = sourcecode.swift; path = DateCell.swift; sourceTree = "<group>"; };
		B50F71A023C7412F00FBB306 /* DateHeader.swift */ = {isa = PBXFileReference; lastKnownFileType = sourcecode.swift; path = DateHeader.swift; sourceTree = "<group>"; };
		B50F71A223C7679600FBB306 /* Event.swift */ = {isa = PBXFileReference; lastKnownFileType = sourcecode.swift; path = Event.swift; sourceTree = "<group>"; };
		B50F71A623C7786A00FBB306 /* EventTableViewCell.swift */ = {isa = PBXFileReference; lastKnownFileType = sourcecode.swift; path = EventTableViewCell.swift; sourceTree = "<group>"; };
		B50F71AC23C80F4600FBB306 /* EventTableView.swift */ = {isa = PBXFileReference; lastKnownFileType = sourcecode.swift; path = EventTableView.swift; sourceTree = "<group>"; };
		B50F71AE23C844EA00FBB306 /* AddEventViewController.swift */ = {isa = PBXFileReference; lastKnownFileType = sourcecode.swift; path = AddEventViewController.swift; sourceTree = "<group>"; };
		B5D857BF23CC4AA800C56C23 /* EventList.swift */ = {isa = PBXFileReference; lastKnownFileType = sourcecode.swift; path = EventList.swift; sourceTree = "<group>"; };
		B5D857C123CC552600C56C23 /* EventModel.swift */ = {isa = PBXFileReference; lastKnownFileType = sourcecode.swift; path = EventModel.swift; sourceTree = "<group>"; };
		B5DC16CC23C6E00900DDD38C /* TimeTracker.app */ = {isa = PBXFileReference; explicitFileType = wrapper.application; includeInIndex = 0; path = TimeTracker.app; sourceTree = BUILT_PRODUCTS_DIR; };
		B5DC16CF23C6E00900DDD38C /* AppDelegate.swift */ = {isa = PBXFileReference; lastKnownFileType = sourcecode.swift; path = AppDelegate.swift; sourceTree = "<group>"; };
		B5DC16D123C6E00900DDD38C /* SceneDelegate.swift */ = {isa = PBXFileReference; lastKnownFileType = sourcecode.swift; path = SceneDelegate.swift; sourceTree = "<group>"; };
		B5DC16D323C6E00900DDD38C /* ViewController.swift */ = {isa = PBXFileReference; lastKnownFileType = sourcecode.swift; path = ViewController.swift; sourceTree = "<group>"; };
		B5DC16D623C6E00900DDD38C /* Base */ = {isa = PBXFileReference; lastKnownFileType = file.storyboard; name = Base; path = Base.lproj/Main.storyboard; sourceTree = "<group>"; };
		B5DC16D923C6E00900DDD38C /* TimeTracker.xcdatamodel */ = {isa = PBXFileReference; lastKnownFileType = wrapper.xcdatamodel; path = TimeTracker.xcdatamodel; sourceTree = "<group>"; };
		B5DC16DB23C6E00A00DDD38C /* Assets.xcassets */ = {isa = PBXFileReference; lastKnownFileType = folder.assetcatalog; path = Assets.xcassets; sourceTree = "<group>"; };
		B5DC16DE23C6E00A00DDD38C /* Base */ = {isa = PBXFileReference; lastKnownFileType = file.storyboard; name = Base; path = Base.lproj/LaunchScreen.storyboard; sourceTree = "<group>"; };
		B5DC16E023C6E00A00DDD38C /* Info.plist */ = {isa = PBXFileReference; lastKnownFileType = text.plist.xml; path = Info.plist; sourceTree = "<group>"; };
		B5DC16E523C6E00A00DDD38C /* TimeTrackerTests.xctest */ = {isa = PBXFileReference; explicitFileType = wrapper.cfbundle; includeInIndex = 0; path = TimeTrackerTests.xctest; sourceTree = BUILT_PRODUCTS_DIR; };
		B5DC16E923C6E00A00DDD38C /* TimeTrackerTests.swift */ = {isa = PBXFileReference; lastKnownFileType = sourcecode.swift; path = TimeTrackerTests.swift; sourceTree = "<group>"; };
		B5DC16EB23C6E00A00DDD38C /* Info.plist */ = {isa = PBXFileReference; lastKnownFileType = text.plist.xml; path = Info.plist; sourceTree = "<group>"; };
		B5DC16F023C6E00A00DDD38C /* TimeTrackerUITests.xctest */ = {isa = PBXFileReference; explicitFileType = wrapper.cfbundle; includeInIndex = 0; path = TimeTrackerUITests.xctest; sourceTree = BUILT_PRODUCTS_DIR; };
		B5DC16F423C6E00A00DDD38C /* TimeTrackerUITests.swift */ = {isa = PBXFileReference; lastKnownFileType = sourcecode.swift; path = TimeTrackerUITests.swift; sourceTree = "<group>"; };
		B5DC16F623C6E00A00DDD38C /* Info.plist */ = {isa = PBXFileReference; lastKnownFileType = text.plist.xml; path = Info.plist; sourceTree = "<group>"; };
		F09C173FF87944B7CB61813F /* Pods_TimeTracker.framework */ = {isa = PBXFileReference; explicitFileType = wrapper.framework; includeInIndex = 0; path = Pods_TimeTracker.framework; sourceTree = BUILT_PRODUCTS_DIR; };
/* End PBXFileReference section */

/* Begin PBXFrameworksBuildPhase section */
		B5DC16C923C6E00900DDD38C /* Frameworks */ = {
			isa = PBXFrameworksBuildPhase;
			buildActionMask = 2147483647;
			files = (
				410D92F3170812098D957F60 /* Pods_TimeTracker.framework in Frameworks */,
			);
			runOnlyForDeploymentPostprocessing = 0;
		};
		B5DC16E223C6E00A00DDD38C /* Frameworks */ = {
			isa = PBXFrameworksBuildPhase;
			buildActionMask = 2147483647;
			files = (
				FE7B865B2336A7A00DDA616F /* Pods_TimeTrackerTests.framework in Frameworks */,
			);
			runOnlyForDeploymentPostprocessing = 0;
		};
		B5DC16ED23C6E00A00DDD38C /* Frameworks */ = {
			isa = PBXFrameworksBuildPhase;
			buildActionMask = 2147483647;
			files = (
				7E14FA87EA1613E9DBF88725 /* Pods_TimeTracker_TimeTrackerUITests.framework in Frameworks */,
			);
			runOnlyForDeploymentPostprocessing = 0;
		};
/* End PBXFrameworksBuildPhase section */

/* Begin PBXGroup section */
		4A88A99F67F579AF7F97AC5A /* Frameworks */ = {
			isa = PBXGroup;
			children = (
				F09C173FF87944B7CB61813F /* Pods_TimeTracker.framework */,
				037D03415D2A0B416B936F87 /* Pods_TimeTracker_TimeTrackerUITests.framework */,
				5DD8F753BE1B032A11699098 /* Pods_TimeTrackerTests.framework */,
			);
			name = Frameworks;
			sourceTree = "<group>";
		};
		7DF694148372573DEEAB5481 /* Pods */ = {
			isa = PBXGroup;
			children = (
				9539402A40408CBE86F71E27 /* Pods-TimeTracker.debug.xcconfig */,
				6FCE0D5201C4D0B04384ED47 /* Pods-TimeTracker.release.xcconfig */,
				241B9759A19376BD9371F28E /* Pods-TimeTracker-TimeTrackerUITests.debug.xcconfig */,
				B4DA0FA903C2E75F3086026D /* Pods-TimeTracker-TimeTrackerUITests.release.xcconfig */,
				8466A23212C847AC43B2E0D6 /* Pods-TimeTrackerTests.debug.xcconfig */,
				627C28E383DA0A06F22F164F /* Pods-TimeTrackerTests.release.xcconfig */,
			);
			path = Pods;
			sourceTree = "<group>";
		};
		B5007B0D23CDD5B800C42EEE /* AddEvent */ = {
			isa = PBXGroup;
			children = (
				B50F71AE23C844EA00FBB306 /* AddEventViewController.swift */,
				B5007B0B23CDD5A100C42EEE /* ClassTableViewCell.swift */,
				B5007B0F23CDDD8F00C42EEE /* CustomClassTableViewController.swift */,
				B5007B0923CDD3A900C42EEE /* ClassTableViewController.swift */,
			);
			path = AddEvent;
			sourceTree = "<group>";
		};
		B5007B0E23CDD79F00C42EEE /* MainView */ = {
			isa = PBXGroup;
			children = (
				B50F71A023C7412F00FBB306 /* DateHeader.swift */,
				B5DC16D323C6E00900DDD38C /* ViewController.swift */,
				B50F71AC23C80F4600FBB306 /* EventTableView.swift */,
				B50F719E23C7352700FBB306 /* DateCell.swift */,
				B50F71A623C7786A00FBB306 /* EventTableViewCell.swift */,
			);
			path = MainView;
			sourceTree = "<group>";
		};
		B5D857C723CC6B1900C56C23 /* EventClasses */ = {
			isa = PBXGroup;
			children = (
				B5D857C123CC552600C56C23 /* EventModel.swift */,
				B5D857BF23CC4AA800C56C23 /* EventList.swift */,
				B50F71A223C7679600FBB306 /* Event.swift */,
			);
			path = EventClasses;
			sourceTree = "<group>";
		};
		B5DC16C323C6E00900DDD38C = {
			isa = PBXGroup;
			children = (
				B5DC16CE23C6E00900DDD38C /* TimeTracker */,
				B5DC16E823C6E00A00DDD38C /* TimeTrackerTests */,
				B5DC16F323C6E00A00DDD38C /* TimeTrackerUITests */,
				B5DC16CD23C6E00900DDD38C /* Products */,
				7DF694148372573DEEAB5481 /* Pods */,
				4A88A99F67F579AF7F97AC5A /* Frameworks */,
			);
			sourceTree = "<group>";
		};
		B5DC16CD23C6E00900DDD38C /* Products */ = {
			isa = PBXGroup;
			children = (
				B5DC16CC23C6E00900DDD38C /* TimeTracker.app */,
				B5DC16E523C6E00A00DDD38C /* TimeTrackerTests.xctest */,
				B5DC16F023C6E00A00DDD38C /* TimeTrackerUITests.xctest */,
			);
			name = Products;
			sourceTree = "<group>";
		};
		B5DC16CE23C6E00900DDD38C /* TimeTracker */ = {
			isa = PBXGroup;
			children = (
				B5DC16D523C6E00900DDD38C /* Main.storyboard */,
				B5DC16DD23C6E00A00DDD38C /* LaunchScreen.storyboard */,
				B5007B0E23CDD79F00C42EEE /* MainView */,
				B5007B0D23CDD5B800C42EEE /* AddEvent */,
				B5D857C723CC6B1900C56C23 /* EventClasses */,
				B5DC16DB23C6E00A00DDD38C /* Assets.xcassets */,
				B5DC16CF23C6E00900DDD38C /* AppDelegate.swift */,
				B5DC16D123C6E00900DDD38C /* SceneDelegate.swift */,
				B5DC16E023C6E00A00DDD38C /* Info.plist */,
				B5DC16D823C6E00900DDD38C /* TimeTracker.xcdatamodeld */,
			);
			path = TimeTracker;
			sourceTree = "<group>";
		};
		B5DC16E823C6E00A00DDD38C /* TimeTrackerTests */ = {
			isa = PBXGroup;
			children = (
				B5DC16E923C6E00A00DDD38C /* TimeTrackerTests.swift */,
				B5DC16EB23C6E00A00DDD38C /* Info.plist */,
			);
			path = TimeTrackerTests;
			sourceTree = "<group>";
		};
		B5DC16F323C6E00A00DDD38C /* TimeTrackerUITests */ = {
			isa = PBXGroup;
			children = (
				B5DC16F423C6E00A00DDD38C /* TimeTrackerUITests.swift */,
				B5DC16F623C6E00A00DDD38C /* Info.plist */,
			);
			path = TimeTrackerUITests;
			sourceTree = "<group>";
		};
/* End PBXGroup section */

/* Begin PBXNativeTarget section */
		B5DC16CB23C6E00900DDD38C /* TimeTracker */ = {
			isa = PBXNativeTarget;
			buildConfigurationList = B5DC16F923C6E00A00DDD38C /* Build configuration list for PBXNativeTarget "TimeTracker" */;
			buildPhases = (
				185D05B252184967663B721C /* [CP] Check Pods Manifest.lock */,
				B5DC16C823C6E00900DDD38C /* Sources */,
				B5DC16C923C6E00900DDD38C /* Frameworks */,
				B5DC16CA23C6E00900DDD38C /* Resources */,
				887954B0A24C8FEFFA370081 /* [CP] Embed Pods Frameworks */,
			);
			buildRules = (
			);
			dependencies = (
			);
			name = TimeTracker;
			productName = TimeTracker;
			productReference = B5DC16CC23C6E00900DDD38C /* TimeTracker.app */;
			productType = "com.apple.product-type.application";
		};
		B5DC16E423C6E00A00DDD38C /* TimeTrackerTests */ = {
			isa = PBXNativeTarget;
			buildConfigurationList = B5DC16FC23C6E00A00DDD38C /* Build configuration list for PBXNativeTarget "TimeTrackerTests" */;
			buildPhases = (
				832416FBE4BC97991CF318B4 /* [CP] Check Pods Manifest.lock */,
				B5DC16E123C6E00A00DDD38C /* Sources */,
				B5DC16E223C6E00A00DDD38C /* Frameworks */,
				B5DC16E323C6E00A00DDD38C /* Resources */,
			);
			buildRules = (
			);
			dependencies = (
				B5DC16E723C6E00A00DDD38C /* PBXTargetDependency */,
			);
			name = TimeTrackerTests;
			productName = TimeTrackerTests;
			productReference = B5DC16E523C6E00A00DDD38C /* TimeTrackerTests.xctest */;
			productType = "com.apple.product-type.bundle.unit-test";
		};
		B5DC16EF23C6E00A00DDD38C /* TimeTrackerUITests */ = {
			isa = PBXNativeTarget;
			buildConfigurationList = B5DC16FF23C6E00A00DDD38C /* Build configuration list for PBXNativeTarget "TimeTrackerUITests" */;
			buildPhases = (
				592FA0D1E9243FDE28F2BC78 /* [CP] Check Pods Manifest.lock */,
				B5DC16EC23C6E00A00DDD38C /* Sources */,
				B5DC16ED23C6E00A00DDD38C /* Frameworks */,
				B5DC16EE23C6E00A00DDD38C /* Resources */,
				4F7559A819811807676F10F2 /* [CP] Embed Pods Frameworks */,
			);
			buildRules = (
			);
			dependencies = (
				B5DC16F223C6E00A00DDD38C /* PBXTargetDependency */,
			);
			name = TimeTrackerUITests;
			productName = TimeTrackerUITests;
			productReference = B5DC16F023C6E00A00DDD38C /* TimeTrackerUITests.xctest */;
			productType = "com.apple.product-type.bundle.ui-testing";
		};
/* End PBXNativeTarget section */

/* Begin PBXProject section */
		B5DC16C423C6E00900DDD38C /* Project object */ = {
			isa = PBXProject;
			attributes = {
				LastSwiftUpdateCheck = 1130;
				LastUpgradeCheck = 1130;
				ORGANIZATIONNAME = "Neo Yi Siang";
				TargetAttributes = {
					B5DC16CB23C6E00900DDD38C = {
						CreatedOnToolsVersion = 11.3;
					};
					B5DC16E423C6E00A00DDD38C = {
						CreatedOnToolsVersion = 11.3;
						TestTargetID = B5DC16CB23C6E00900DDD38C;
					};
					B5DC16EF23C6E00A00DDD38C = {
						CreatedOnToolsVersion = 11.3;
						TestTargetID = B5DC16CB23C6E00900DDD38C;
					};
				};
			};
			buildConfigurationList = B5DC16C723C6E00900DDD38C /* Build configuration list for PBXProject "TimeTracker" */;
			compatibilityVersion = "Xcode 9.3";
			developmentRegion = en;
			hasScannedForEncodings = 0;
			knownRegions = (
				en,
				Base,
			);
			mainGroup = B5DC16C323C6E00900DDD38C;
			productRefGroup = B5DC16CD23C6E00900DDD38C /* Products */;
			projectDirPath = "";
			projectRoot = "";
			targets = (
				B5DC16CB23C6E00900DDD38C /* TimeTracker */,
				B5DC16E423C6E00A00DDD38C /* TimeTrackerTests */,
				B5DC16EF23C6E00A00DDD38C /* TimeTrackerUITests */,
			);
		};
/* End PBXProject section */

/* Begin PBXResourcesBuildPhase section */
		B5DC16CA23C6E00900DDD38C /* Resources */ = {
			isa = PBXResourcesBuildPhase;
			buildActionMask = 2147483647;
			files = (
				B5DC16DF23C6E00A00DDD38C /* LaunchScreen.storyboard in Resources */,
				B5DC16DC23C6E00A00DDD38C /* Assets.xcassets in Resources */,
				B5DC16D723C6E00900DDD38C /* Main.storyboard in Resources */,
			);
			runOnlyForDeploymentPostprocessing = 0;
		};
		B5DC16E323C6E00A00DDD38C /* Resources */ = {
			isa = PBXResourcesBuildPhase;
			buildActionMask = 2147483647;
			files = (
			);
			runOnlyForDeploymentPostprocessing = 0;
		};
		B5DC16EE23C6E00A00DDD38C /* Resources */ = {
			isa = PBXResourcesBuildPhase;
			buildActionMask = 2147483647;
			files = (
			);
			runOnlyForDeploymentPostprocessing = 0;
		};
/* End PBXResourcesBuildPhase section */

/* Begin PBXShellScriptBuildPhase section */
		185D05B252184967663B721C /* [CP] Check Pods Manifest.lock */ = {
			isa = PBXShellScriptBuildPhase;
			buildActionMask = 2147483647;
			files = (
			);
			inputFileListPaths = (
			);
			inputPaths = (
				"${PODS_PODFILE_DIR_PATH}/Podfile.lock",
				"${PODS_ROOT}/Manifest.lock",
			);
			name = "[CP] Check Pods Manifest.lock";
			outputFileListPaths = (
			);
			outputPaths = (
				"$(DERIVED_FILE_DIR)/Pods-TimeTracker-checkManifestLockResult.txt",
			);
			runOnlyForDeploymentPostprocessing = 0;
			shellPath = /bin/sh;
			shellScript = "diff \"${PODS_PODFILE_DIR_PATH}/Podfile.lock\" \"${PODS_ROOT}/Manifest.lock\" > /dev/null\nif [ $? != 0 ] ; then\n    # print error to STDERR\n    echo \"error: The sandbox is not in sync with the Podfile.lock. Run 'pod install' or update your CocoaPods installation.\" >&2\n    exit 1\nfi\n# This output is used by Xcode 'outputs' to avoid re-running this script phase.\necho \"SUCCESS\" > \"${SCRIPT_OUTPUT_FILE_0}\"\n";
			showEnvVarsInLog = 0;
		};
		4F7559A819811807676F10F2 /* [CP] Embed Pods Frameworks */ = {
			isa = PBXShellScriptBuildPhase;
			buildActionMask = 2147483647;
			files = (
			);
			inputFileListPaths = (
				"${PODS_ROOT}/Target Support Files/Pods-TimeTracker-TimeTrackerUITests/Pods-TimeTracker-TimeTrackerUITests-frameworks-${CONFIGURATION}-input-files.xcfilelist",
			);
			name = "[CP] Embed Pods Frameworks";
			outputFileListPaths = (
				"${PODS_ROOT}/Target Support Files/Pods-TimeTracker-TimeTrackerUITests/Pods-TimeTracker-TimeTrackerUITests-frameworks-${CONFIGURATION}-output-files.xcfilelist",
			);
			runOnlyForDeploymentPostprocessing = 0;
			shellPath = /bin/sh;
			shellScript = "\"${PODS_ROOT}/Target Support Files/Pods-TimeTracker-TimeTrackerUITests/Pods-TimeTracker-TimeTrackerUITests-frameworks.sh\"\n";
			showEnvVarsInLog = 0;
		};
		592FA0D1E9243FDE28F2BC78 /* [CP] Check Pods Manifest.lock */ = {
			isa = PBXShellScriptBuildPhase;
			buildActionMask = 2147483647;
			files = (
			);
			inputFileListPaths = (
			);
			inputPaths = (
				"${PODS_PODFILE_DIR_PATH}/Podfile.lock",
				"${PODS_ROOT}/Manifest.lock",
			);
			name = "[CP] Check Pods Manifest.lock";
			outputFileListPaths = (
			);
			outputPaths = (
				"$(DERIVED_FILE_DIR)/Pods-TimeTracker-TimeTrackerUITests-checkManifestLockResult.txt",
			);
			runOnlyForDeploymentPostprocessing = 0;
			shellPath = /bin/sh;
			shellScript = "diff \"${PODS_PODFILE_DIR_PATH}/Podfile.lock\" \"${PODS_ROOT}/Manifest.lock\" > /dev/null\nif [ $? != 0 ] ; then\n    # print error to STDERR\n    echo \"error: The sandbox is not in sync with the Podfile.lock. Run 'pod install' or update your CocoaPods installation.\" >&2\n    exit 1\nfi\n# This output is used by Xcode 'outputs' to avoid re-running this script phase.\necho \"SUCCESS\" > \"${SCRIPT_OUTPUT_FILE_0}\"\n";
			showEnvVarsInLog = 0;
		};
		832416FBE4BC97991CF318B4 /* [CP] Check Pods Manifest.lock */ = {
			isa = PBXShellScriptBuildPhase;
			buildActionMask = 2147483647;
			files = (
			);
			inputFileListPaths = (
			);
			inputPaths = (
				"${PODS_PODFILE_DIR_PATH}/Podfile.lock",
				"${PODS_ROOT}/Manifest.lock",
			);
			name = "[CP] Check Pods Manifest.lock";
			outputFileListPaths = (
			);
			outputPaths = (
				"$(DERIVED_FILE_DIR)/Pods-TimeTrackerTests-checkManifestLockResult.txt",
			);
			runOnlyForDeploymentPostprocessing = 0;
			shellPath = /bin/sh;
			shellScript = "diff \"${PODS_PODFILE_DIR_PATH}/Podfile.lock\" \"${PODS_ROOT}/Manifest.lock\" > /dev/null\nif [ $? != 0 ] ; then\n    # print error to STDERR\n    echo \"error: The sandbox is not in sync with the Podfile.lock. Run 'pod install' or update your CocoaPods installation.\" >&2\n    exit 1\nfi\n# This output is used by Xcode 'outputs' to avoid re-running this script phase.\necho \"SUCCESS\" > \"${SCRIPT_OUTPUT_FILE_0}\"\n";
			showEnvVarsInLog = 0;
		};
		887954B0A24C8FEFFA370081 /* [CP] Embed Pods Frameworks */ = {
			isa = PBXShellScriptBuildPhase;
			buildActionMask = 2147483647;
			files = (
			);
			inputFileListPaths = (
				"${PODS_ROOT}/Target Support Files/Pods-TimeTracker/Pods-TimeTracker-frameworks-${CONFIGURATION}-input-files.xcfilelist",
			);
			name = "[CP] Embed Pods Frameworks";
			outputFileListPaths = (
				"${PODS_ROOT}/Target Support Files/Pods-TimeTracker/Pods-TimeTracker-frameworks-${CONFIGURATION}-output-files.xcfilelist",
			);
			runOnlyForDeploymentPostprocessing = 0;
			shellPath = /bin/sh;
			shellScript = "\"${PODS_ROOT}/Target Support Files/Pods-TimeTracker/Pods-TimeTracker-frameworks.sh\"\n";
			showEnvVarsInLog = 0;
		};
/* End PBXShellScriptBuildPhase section */

/* Begin PBXSourcesBuildPhase section */
		B5DC16C823C6E00900DDD38C /* Sources */ = {
			isa = PBXSourcesBuildPhase;
			buildActionMask = 2147483647;
			files = (
				B5D857C023CC4AA800C56C23 /* EventList.swift in Sources */,
				B50F71A323C7679600FBB306 /* Event.swift in Sources */,
				B5DC16D423C6E00900DDD38C /* ViewController.swift in Sources */,
				B50F719F23C7352700FBB306 /* DateCell.swift in Sources */,
				B5007B0C23CDD5A100C42EEE /* ClassTableViewCell.swift in Sources */,
				B5007B1023CDDD8F00C42EEE /* CustomClassTableViewController.swift in Sources */,
				B50F71A123C7412F00FBB306 /* DateHeader.swift in Sources */,
				B5DC16D023C6E00900DDD38C /* AppDelegate.swift in Sources */,
				B5DC16D223C6E00900DDD38C /* SceneDelegate.swift in Sources */,
				B5D857C223CC552600C56C23 /* EventModel.swift in Sources */,
				B50F71AF23C844EA00FBB306 /* AddEventViewController.swift in Sources */,
				B5DC16DA23C6E00900DDD38C /* TimeTracker.xcdatamodeld in Sources */,
				B50F71AD23C80F4600FBB306 /* EventTableView.swift in Sources */,
				B5007B0A23CDD3A900C42EEE /* ClassTableViewController.swift in Sources */,
				B50F71A723C7786A00FBB306 /* EventTableViewCell.swift in Sources */,
			);
			runOnlyForDeploymentPostprocessing = 0;
		};
		B5DC16E123C6E00A00DDD38C /* Sources */ = {
			isa = PBXSourcesBuildPhase;
			buildActionMask = 2147483647;
			files = (
				B5DC16EA23C6E00A00DDD38C /* TimeTrackerTests.swift in Sources */,
			);
			runOnlyForDeploymentPostprocessing = 0;
		};
		B5DC16EC23C6E00A00DDD38C /* Sources */ = {
			isa = PBXSourcesBuildPhase;
			buildActionMask = 2147483647;
			files = (
				B5DC16F523C6E00A00DDD38C /* TimeTrackerUITests.swift in Sources */,
			);
			runOnlyForDeploymentPostprocessing = 0;
		};
/* End PBXSourcesBuildPhase section */

/* Begin PBXTargetDependency section */
		B5DC16E723C6E00A00DDD38C /* PBXTargetDependency */ = {
			isa = PBXTargetDependency;
			target = B5DC16CB23C6E00900DDD38C /* TimeTracker */;
			targetProxy = B5DC16E623C6E00A00DDD38C /* PBXContainerItemProxy */;
		};
		B5DC16F223C6E00A00DDD38C /* PBXTargetDependency */ = {
			isa = PBXTargetDependency;
			target = B5DC16CB23C6E00900DDD38C /* TimeTracker */;
			targetProxy = B5DC16F123C6E00A00DDD38C /* PBXContainerItemProxy */;
		};
/* End PBXTargetDependency section */

/* Begin PBXVariantGroup section */
		B5DC16D523C6E00900DDD38C /* Main.storyboard */ = {
			isa = PBXVariantGroup;
			children = (
				B5DC16D623C6E00900DDD38C /* Base */,
			);
			name = Main.storyboard;
			sourceTree = "<group>";
		};
		B5DC16DD23C6E00A00DDD38C /* LaunchScreen.storyboard */ = {
			isa = PBXVariantGroup;
			children = (
				B5DC16DE23C6E00A00DDD38C /* Base */,
			);
			name = LaunchScreen.storyboard;
			sourceTree = "<group>";
		};
/* End PBXVariantGroup section */

/* Begin XCBuildConfiguration section */
		B5DC16F723C6E00A00DDD38C /* Debug */ = {
			isa = XCBuildConfiguration;
			buildSettings = {
				ALWAYS_SEARCH_USER_PATHS = NO;
				CLANG_ANALYZER_NONNULL = YES;
				CLANG_ANALYZER_NUMBER_OBJECT_CONVERSION = YES_AGGRESSIVE;
				CLANG_CXX_LANGUAGE_STANDARD = "gnu++14";
				CLANG_CXX_LIBRARY = "libc++";
				CLANG_ENABLE_MODULES = YES;
				CLANG_ENABLE_OBJC_ARC = YES;
				CLANG_ENABLE_OBJC_WEAK = YES;
				CLANG_WARN_BLOCK_CAPTURE_AUTORELEASING = YES;
				CLANG_WARN_BOOL_CONVERSION = YES;
				CLANG_WARN_COMMA = YES;
				CLANG_WARN_CONSTANT_CONVERSION = YES;
				CLANG_WARN_DEPRECATED_OBJC_IMPLEMENTATIONS = YES;
				CLANG_WARN_DIRECT_OBJC_ISA_USAGE = YES_ERROR;
				CLANG_WARN_DOCUMENTATION_COMMENTS = YES;
				CLANG_WARN_EMPTY_BODY = YES;
				CLANG_WARN_ENUM_CONVERSION = YES;
				CLANG_WARN_INFINITE_RECURSION = YES;
				CLANG_WARN_INT_CONVERSION = YES;
				CLANG_WARN_NON_LITERAL_NULL_CONVERSION = YES;
				CLANG_WARN_OBJC_IMPLICIT_RETAIN_SELF = YES;
				CLANG_WARN_OBJC_LITERAL_CONVERSION = YES;
				CLANG_WARN_OBJC_ROOT_CLASS = YES_ERROR;
				CLANG_WARN_RANGE_LOOP_ANALYSIS = YES;
				CLANG_WARN_STRICT_PROTOTYPES = YES;
				CLANG_WARN_SUSPICIOUS_MOVE = YES;
				CLANG_WARN_UNGUARDED_AVAILABILITY = YES_AGGRESSIVE;
				CLANG_WARN_UNREACHABLE_CODE = YES;
				CLANG_WARN__DUPLICATE_METHOD_MATCH = YES;
				COPY_PHASE_STRIP = NO;
				DEBUG_INFORMATION_FORMAT = dwarf;
				ENABLE_STRICT_OBJC_MSGSEND = YES;
				ENABLE_TESTABILITY = YES;
				GCC_C_LANGUAGE_STANDARD = gnu11;
				GCC_DYNAMIC_NO_PIC = NO;
				GCC_NO_COMMON_BLOCKS = YES;
				GCC_OPTIMIZATION_LEVEL = 0;
				GCC_PREPROCESSOR_DEFINITIONS = (
					"DEBUG=1",
					"$(inherited)",
				);
				GCC_WARN_64_TO_32_BIT_CONVERSION = YES;
				GCC_WARN_ABOUT_RETURN_TYPE = YES_ERROR;
				GCC_WARN_UNDECLARED_SELECTOR = YES;
				GCC_WARN_UNINITIALIZED_AUTOS = YES_AGGRESSIVE;
				GCC_WARN_UNUSED_FUNCTION = YES;
				GCC_WARN_UNUSED_VARIABLE = YES;
				IPHONEOS_DEPLOYMENT_TARGET = 13.2;
				MTL_ENABLE_DEBUG_INFO = INCLUDE_SOURCE;
				MTL_FAST_MATH = YES;
				ONLY_ACTIVE_ARCH = YES;
				SDKROOT = iphoneos;
				SWIFT_ACTIVE_COMPILATION_CONDITIONS = DEBUG;
				SWIFT_OPTIMIZATION_LEVEL = "-Onone";
			};
			name = Debug;
		};
		B5DC16F823C6E00A00DDD38C /* Release */ = {
			isa = XCBuildConfiguration;
			buildSettings = {
				ALWAYS_SEARCH_USER_PATHS = NO;
				CLANG_ANALYZER_NONNULL = YES;
				CLANG_ANALYZER_NUMBER_OBJECT_CONVERSION = YES_AGGRESSIVE;
				CLANG_CXX_LANGUAGE_STANDARD = "gnu++14";
				CLANG_CXX_LIBRARY = "libc++";
				CLANG_ENABLE_MODULES = YES;
				CLANG_ENABLE_OBJC_ARC = YES;
				CLANG_ENABLE_OBJC_WEAK = YES;
				CLANG_WARN_BLOCK_CAPTURE_AUTORELEASING = YES;
				CLANG_WARN_BOOL_CONVERSION = YES;
				CLANG_WARN_COMMA = YES;
				CLANG_WARN_CONSTANT_CONVERSION = YES;
				CLANG_WARN_DEPRECATED_OBJC_IMPLEMENTATIONS = YES;
				CLANG_WARN_DIRECT_OBJC_ISA_USAGE = YES_ERROR;
				CLANG_WARN_DOCUMENTATION_COMMENTS = YES;
				CLANG_WARN_EMPTY_BODY = YES;
				CLANG_WARN_ENUM_CONVERSION = YES;
				CLANG_WARN_INFINITE_RECURSION = YES;
				CLANG_WARN_INT_CONVERSION = YES;
				CLANG_WARN_NON_LITERAL_NULL_CONVERSION = YES;
				CLANG_WARN_OBJC_IMPLICIT_RETAIN_SELF = YES;
				CLANG_WARN_OBJC_LITERAL_CONVERSION = YES;
				CLANG_WARN_OBJC_ROOT_CLASS = YES_ERROR;
				CLANG_WARN_RANGE_LOOP_ANALYSIS = YES;
				CLANG_WARN_STRICT_PROTOTYPES = YES;
				CLANG_WARN_SUSPICIOUS_MOVE = YES;
				CLANG_WARN_UNGUARDED_AVAILABILITY = YES_AGGRESSIVE;
				CLANG_WARN_UNREACHABLE_CODE = YES;
				CLANG_WARN__DUPLICATE_METHOD_MATCH = YES;
				COPY_PHASE_STRIP = NO;
				DEBUG_INFORMATION_FORMAT = "dwarf-with-dsym";
				ENABLE_NS_ASSERTIONS = NO;
				ENABLE_STRICT_OBJC_MSGSEND = YES;
				GCC_C_LANGUAGE_STANDARD = gnu11;
				GCC_NO_COMMON_BLOCKS = YES;
				GCC_WARN_64_TO_32_BIT_CONVERSION = YES;
				GCC_WARN_ABOUT_RETURN_TYPE = YES_ERROR;
				GCC_WARN_UNDECLARED_SELECTOR = YES;
				GCC_WARN_UNINITIALIZED_AUTOS = YES_AGGRESSIVE;
				GCC_WARN_UNUSED_FUNCTION = YES;
				GCC_WARN_UNUSED_VARIABLE = YES;
				IPHONEOS_DEPLOYMENT_TARGET = 13.2;
				MTL_ENABLE_DEBUG_INFO = NO;
				MTL_FAST_MATH = YES;
				SDKROOT = iphoneos;
				SWIFT_COMPILATION_MODE = wholemodule;
				SWIFT_OPTIMIZATION_LEVEL = "-O";
				VALIDATE_PRODUCT = YES;
			};
			name = Release;
		};
		B5DC16FA23C6E00A00DDD38C /* Debug */ = {
			isa = XCBuildConfiguration;
			baseConfigurationReference = 9539402A40408CBE86F71E27 /* Pods-TimeTracker.debug.xcconfig */;
			buildSettings = {
				ASSETCATALOG_COMPILER_APPICON_NAME = AppIcon;
				CODE_SIGN_STYLE = Automatic;
				DEVELOPMENT_TEAM = 9JKY8FQ5DF;
				INFOPLIST_FILE = TimeTracker/Info.plist;
				LD_RUNPATH_SEARCH_PATHS = (
					"$(inherited)",
					"@executable_path/Frameworks",
				);
				PRODUCT_BUNDLE_IDENTIFIER = neo.TimeTracker;
				PRODUCT_NAME = "$(TARGET_NAME)";
				SWIFT_VERSION = 5.0;
				TARGETED_DEVICE_FAMILY = "1,2";
			};
			name = Debug;
		};
		B5DC16FB23C6E00A00DDD38C /* Release */ = {
			isa = XCBuildConfiguration;
			baseConfigurationReference = 6FCE0D5201C4D0B04384ED47 /* Pods-TimeTracker.release.xcconfig */;
			buildSettings = {
				ASSETCATALOG_COMPILER_APPICON_NAME = AppIcon;
				CODE_SIGN_STYLE = Automatic;
				DEVELOPMENT_TEAM = 9JKY8FQ5DF;
				INFOPLIST_FILE = TimeTracker/Info.plist;
				LD_RUNPATH_SEARCH_PATHS = (
					"$(inherited)",
					"@executable_path/Frameworks",
				);
				PRODUCT_BUNDLE_IDENTIFIER = neo.TimeTracker;
				PRODUCT_NAME = "$(TARGET_NAME)";
				SWIFT_VERSION = 5.0;
				TARGETED_DEVICE_FAMILY = "1,2";
			};
			name = Release;
		};
		B5DC16FD23C6E00A00DDD38C /* Debug */ = {
			isa = XCBuildConfiguration;
			baseConfigurationReference = 8466A23212C847AC43B2E0D6 /* Pods-TimeTrackerTests.debug.xcconfig */;
			buildSettings = {
				ALWAYS_EMBED_SWIFT_STANDARD_LIBRARIES = YES;
				BUNDLE_LOADER = "$(TEST_HOST)";
				CODE_SIGN_STYLE = Automatic;
				DEVELOPMENT_TEAM = 9JKY8FQ5DF;
				INFOPLIST_FILE = TimeTrackerTests/Info.plist;
				IPHONEOS_DEPLOYMENT_TARGET = 13.2;
				LD_RUNPATH_SEARCH_PATHS = (
					"$(inherited)",
					"@executable_path/Frameworks",
					"@loader_path/Frameworks",
				);
				PRODUCT_BUNDLE_IDENTIFIER = neo.TimeTrackerTests;
				PRODUCT_NAME = "$(TARGET_NAME)";
				SWIFT_VERSION = 5.0;
				TARGETED_DEVICE_FAMILY = "1,2";
				TEST_HOST = "$(BUILT_PRODUCTS_DIR)/TimeTracker.app/TimeTracker";
			};
			name = Debug;
		};
		B5DC16FE23C6E00A00DDD38C /* Release */ = {
			isa = XCBuildConfiguration;
			baseConfigurationReference = 627C28E383DA0A06F22F164F /* Pods-TimeTrackerTests.release.xcconfig */;
			buildSettings = {
				ALWAYS_EMBED_SWIFT_STANDARD_LIBRARIES = YES;
				BUNDLE_LOADER = "$(TEST_HOST)";
				CODE_SIGN_STYLE = Automatic;
				DEVELOPMENT_TEAM = 9JKY8FQ5DF;
				INFOPLIST_FILE = TimeTrackerTests/Info.plist;
				IPHONEOS_DEPLOYMENT_TARGET = 13.2;
				LD_RUNPATH_SEARCH_PATHS = (
					"$(inherited)",
					"@executable_path/Frameworks",
					"@loader_path/Frameworks",
				);
				PRODUCT_BUNDLE_IDENTIFIER = neo.TimeTrackerTests;
				PRODUCT_NAME = "$(TARGET_NAME)";
				SWIFT_VERSION = 5.0;
				TARGETED_DEVICE_FAMILY = "1,2";
				TEST_HOST = "$(BUILT_PRODUCTS_DIR)/TimeTracker.app/TimeTracker";
			};
			name = Release;
		};
		B5DC170023C6E00A00DDD38C /* Debug */ = {
			isa = XCBuildConfiguration;
			baseConfigurationReference = 241B9759A19376BD9371F28E /* Pods-TimeTracker-TimeTrackerUITests.debug.xcconfig */;
			buildSettings = {
				ALWAYS_EMBED_SWIFT_STANDARD_LIBRARIES = YES;
				CODE_SIGN_STYLE = Automatic;
				DEVELOPMENT_TEAM = 9JKY8FQ5DF;
				INFOPLIST_FILE = TimeTrackerUITests/Info.plist;
				LD_RUNPATH_SEARCH_PATHS = (
					"$(inherited)",
					"@executable_path/Frameworks",
					"@loader_path/Frameworks",
				);
				PRODUCT_BUNDLE_IDENTIFIER = neo.TimeTrackerUITests;
				PRODUCT_NAME = "$(TARGET_NAME)";
				SWIFT_VERSION = 5.0;
				TARGETED_DEVICE_FAMILY = "1,2";
				TEST_TARGET_NAME = TimeTracker;
			};
			name = Debug;
		};
		B5DC170123C6E00A00DDD38C /* Release */ = {
			isa = XCBuildConfiguration;
			baseConfigurationReference = B4DA0FA903C2E75F3086026D /* Pods-TimeTracker-TimeTrackerUITests.release.xcconfig */;
			buildSettings = {
				ALWAYS_EMBED_SWIFT_STANDARD_LIBRARIES = YES;
				CODE_SIGN_STYLE = Automatic;
				DEVELOPMENT_TEAM = 9JKY8FQ5DF;
				INFOPLIST_FILE = TimeTrackerUITests/Info.plist;
				LD_RUNPATH_SEARCH_PATHS = (
					"$(inherited)",
					"@executable_path/Frameworks",
					"@loader_path/Frameworks",
				);
				PRODUCT_BUNDLE_IDENTIFIER = neo.TimeTrackerUITests;
				PRODUCT_NAME = "$(TARGET_NAME)";
				SWIFT_VERSION = 5.0;
				TARGETED_DEVICE_FAMILY = "1,2";
				TEST_TARGET_NAME = TimeTracker;
			};
			name = Release;
		};
/* End XCBuildConfiguration section */

/* Begin XCConfigurationList section */
		B5DC16C723C6E00900DDD38C /* Build configuration list for PBXProject "TimeTracker" */ = {
			isa = XCConfigurationList;
			buildConfigurations = (
				B5DC16F723C6E00A00DDD38C /* Debug */,
				B5DC16F823C6E00A00DDD38C /* Release */,
			);
			defaultConfigurationIsVisible = 0;
			defaultConfigurationName = Release;
		};
		B5DC16F923C6E00A00DDD38C /* Build configuration list for PBXNativeTarget "TimeTracker" */ = {
			isa = XCConfigurationList;
			buildConfigurations = (
				B5DC16FA23C6E00A00DDD38C /* Debug */,
				B5DC16FB23C6E00A00DDD38C /* Release */,
			);
			defaultConfigurationIsVisible = 0;
			defaultConfigurationName = Release;
		};
		B5DC16FC23C6E00A00DDD38C /* Build configuration list for PBXNativeTarget "TimeTrackerTests" */ = {
			isa = XCConfigurationList;
			buildConfigurations = (
				B5DC16FD23C6E00A00DDD38C /* Debug */,
				B5DC16FE23C6E00A00DDD38C /* Release */,
			);
			defaultConfigurationIsVisible = 0;
			defaultConfigurationName = Release;
		};
		B5DC16FF23C6E00A00DDD38C /* Build configuration list for PBXNativeTarget "TimeTrackerUITests" */ = {
			isa = XCConfigurationList;
			buildConfigurations = (
				B5DC170023C6E00A00DDD38C /* Debug */,
				B5DC170123C6E00A00DDD38C /* Release */,
			);
			defaultConfigurationIsVisible = 0;
			defaultConfigurationName = Release;
		};
/* End XCConfigurationList section */

/* Begin XCVersionGroup section */
		B5DC16D823C6E00900DDD38C /* TimeTracker.xcdatamodeld */ = {
			isa = XCVersionGroup;
			children = (
				B5DC16D923C6E00900DDD38C /* TimeTracker.xcdatamodel */,
			);
			currentVersion = B5DC16D923C6E00900DDD38C /* TimeTracker.xcdatamodel */;
			path = TimeTracker.xcdatamodeld;
			sourceTree = "<group>";
			versionGroupType = wrapper.xcdatamodel;
		};
/* End XCVersionGroup section */
	};
	rootObject = B5DC16C423C6E00900DDD38C /* Project object */;
}
