PODS:
  - JTAppleCalendar (8.0.3)
  - Realm (4.3.0):
    - Realm/Headers (= 4.3.0)
  - Realm/Headers (4.3.0)
  - RealmSwift (4.3.0):
    - Realm (= 4.3.0)

DEPENDENCIES:
  - JTAppleCalendar
  - RealmSwift

SPEC REPOS:
  trunk:
    - JTAppleCalendar
    - Realm
    - RealmSwift

SPEC CHECKSUMS:
  JTAppleCalendar: 932cadea40b1051beab10f67843451d48ba16c99
  Realm: 9357c3589555793e1860a7104a7412bca4a48d99
  RealmSwift: 402f1e379a8ef82c635313037b043f0f06de880c

PODFILE CHECKSUM: 35c28305f77f6eb12607642c295fcda7aa3e54be

COCOAPODS: 1.8.4
